
Microsoft Visual Studio Solution File, Format Version 12.00
# Visual Studio 15
VisualStudioVersion = 15.0.28307.902
MinimumVisualStudioVersion = 10.0.40219.1
Project("{FAE04EC0-301F-11D3-BF4B-00C04F79EFBC}") = "InheritanceClassProject", "InheritanceClassProject\InheritanceClassProject.csproj", "{5C254973-0DFD-4C3C-BA5A-BD2CAB8FAA5D}"
EndProject
Global
	GlobalSection(SolutionConfigurationPlatforms) = preSolution
		Debug|Any CPU = Debug|Any CPU
		Release|Any CPU = Release|Any CPU
	EndGlobalSection
	GlobalSection(ProjectConfigurationPlatforms) = postSolution
		{5C254973-0DFD-4C3C-BA5A-BD2CAB8FAA5D}.Debug|Any CPU.ActiveCfg = Debug|Any CPU
		{5C254973-0DFD-4C3C-BA5A-BD2CAB8FAA5D}.Debug|Any CPU.Build.0 = Debug|Any CPU
		{5C254973-0DFD-4C3C-BA5A-BD2CAB8FAA5D}.Release|Any CPU.ActiveCfg = Release|Any CPU
		{5C254973-0DFD-4C3C-BA5A-BD2CAB8FAA5D}.Release|Any CPU.Build.0 = Release|Any CPU
	EndGlobalSection
	GlobalSection(SolutionProperties) = preSolution
		HideSolutionNode = FALSE
	EndGlobalSection
	GlobalSection(ExtensibilityGlobals) = postSolution
		SolutionGuid = {7FED5C96-AEAD-4C97-95B1-C667A5C85EDF}
	EndGlobalSection
EndGlobal
