
Microsoft Visual Studio Solution File, Format Version 12.00
# Visual Studio 15
VisualStudioVersion = 15.0.28307.902
MinimumVisualStudioVersion = 10.0.40219.1
Project("{FAE04EC0-301F-11D3-BF4B-00C04F79EFBC}") = "ClassesProjectPg164", "ClassesProjectPg164\ClassesProjectPg164.csproj", "{908F4F85-5788-4462-ABEC-DB4B247DB287}"
EndProject
Global
	GlobalSection(SolutionConfigurationPlatforms) = preSolution
		Debug|Any CPU = Debug|Any CPU
		Release|Any CPU = Release|Any CPU
	EndGlobalSection
	GlobalSection(ProjectConfigurationPlatforms) = postSolution
		{908F4F85-5788-4462-ABEC-DB4B247DB287}.Debug|Any CPU.ActiveCfg = Debug|Any CPU
		{908F4F85-5788-4462-ABEC-DB4B247DB287}.Debug|Any CPU.Build.0 = Debug|Any CPU
		{908F4F85-5788-4462-ABEC-DB4B247DB287}.Release|Any CPU.ActiveCfg = Release|Any CPU
		{908F4F85-5788-4462-ABEC-DB4B247DB287}.Release|Any CPU.Build.0 = Release|Any CPU
	EndGlobalSection
	GlobalSection(SolutionProperties) = preSolution
		HideSolutionNode = FALSE
	EndGlobalSection
	GlobalSection(ExtensibilityGlobals) = postSolution
		SolutionGuid = {5E1FC4E8-2D99-49E1-8C97-EFE741C2DA91}
	EndGlobalSection
EndGlobal
