
Microsoft Visual Studio Solution File, Format Version 12.00
# Visual Studio Version 16
VisualStudioVersion = 16.0.29613.14
MinimumVisualStudioVersion = 10.0.40219.1
Project("{FAE04EC0-301F-11D3-BF4B-00C04F79EFBC}") = "IterationProject", "IterationProject\IterationProject.csproj", "{19C1EE40-53A2-457E-9EF8-EBCCA80049E1}"
EndProject
Global
	GlobalSection(SolutionConfigurationPlatforms) = preSolution
		Debug|Any CPU = Debug|Any CPU
		Release|Any CPU = Release|Any CPU
	EndGlobalSection
	GlobalSection(ProjectConfigurationPlatforms) = postSolution
		{19C1EE40-53A2-457E-9EF8-EBCCA80049E1}.Debug|Any CPU.ActiveCfg = Debug|Any CPU
		{19C1EE40-53A2-457E-9EF8-EBCCA80049E1}.Debug|Any CPU.Build.0 = Debug|Any CPU
		{19C1EE40-53A2-457E-9EF8-EBCCA80049E1}.Release|Any CPU.ActiveCfg = Release|Any CPU
		{19C1EE40-53A2-457E-9EF8-EBCCA80049E1}.Release|Any CPU.Build.0 = Release|Any CPU
	EndGlobalSection
	GlobalSection(SolutionProperties) = preSolution
		HideSolutionNode = FALSE
	EndGlobalSection
	GlobalSection(ExtensibilityGlobals) = postSolution
		SolutionGuid = {203C8B21-2F56-4757-95B1-EF52F23B2D5C}
	EndGlobalSection
EndGlobal
