
Microsoft Visual Studio Solution File, Format Version 12.00
# Visual Studio Version 16
VisualStudioVersion = 16.0.29613.14
MinimumVisualStudioVersion = 10.0.40219.1
Project("{FAE04EC0-301F-11D3-BF4B-00C04F79EFBC}") = "ConsoleApp1", "ConsoleApp1\ConsoleApp1.csproj", "{FF6ADC72-A96B-4927-AE7A-2A650E74E2EB}"
EndProject
Global
	GlobalSection(SolutionConfigurationPlatforms) = preSolution
		Debug|Any CPU = Debug|Any CPU
		Release|Any CPU = Release|Any CPU
	EndGlobalSection
	GlobalSection(ProjectConfigurationPlatforms) = postSolution
		{FF6ADC72-A96B-4927-AE7A-2A650E74E2EB}.Debug|Any CPU.ActiveCfg = Debug|Any CPU
		{FF6ADC72-A96B-4927-AE7A-2A650E74E2EB}.Debug|Any CPU.Build.0 = Debug|Any CPU
		{FF6ADC72-A96B-4927-AE7A-2A650E74E2EB}.Release|Any CPU.ActiveCfg = Release|Any CPU
		{FF6ADC72-A96B-4927-AE7A-2A650E74E2EB}.Release|Any CPU.Build.0 = Release|Any CPU
	EndGlobalSection
	GlobalSection(SolutionProperties) = preSolution
		HideSolutionNode = FALSE
	EndGlobalSection
	GlobalSection(ExtensibilityGlobals) = postSolution
		SolutionGuid = {A231F883-9E28-4BEC-A5F4-F5D7538C2897}
	EndGlobalSection
EndGlobal
