
Microsoft Visual Studio Solution File, Format Version 12.00
# Visual Studio Version 16
VisualStudioVersion = 16.0.29613.14
MinimumVisualStudioVersion = 10.0.40219.1
Project("{FAE04EC0-301F-11D3-BF4B-00C04F79EFBC}") = "Branching", "Branching\Branching.csproj", "{7B21831D-8755-40CB-BCD9-B04F827F17B1}"
EndProject
Global
	GlobalSection(SolutionConfigurationPlatforms) = preSolution
		Debug|Any CPU = Debug|Any CPU
		Release|Any CPU = Release|Any CPU
	EndGlobalSection
	GlobalSection(ProjectConfigurationPlatforms) = postSolution
		{7B21831D-8755-40CB-BCD9-B04F827F17B1}.Debug|Any CPU.ActiveCfg = Debug|Any CPU
		{7B21831D-8755-40CB-BCD9-B04F827F17B1}.Debug|Any CPU.Build.0 = Debug|Any CPU
		{7B21831D-8755-40CB-BCD9-B04F827F17B1}.Release|Any CPU.ActiveCfg = Release|Any CPU
		{7B21831D-8755-40CB-BCD9-B04F827F17B1}.Release|Any CPU.Build.0 = Release|Any CPU
	EndGlobalSection
	GlobalSection(SolutionProperties) = preSolution
		HideSolutionNode = FALSE
	EndGlobalSection
	GlobalSection(ExtensibilityGlobals) = postSolution
		SolutionGuid = {6F91910B-032C-4D0E-A73E-6718543F46A9}
	EndGlobalSection
EndGlobal
